version = 1
revision = 2
requires-python = ">=3.13"

[[package]]
name = "jinja2"
version = "3.1.6"
source = { registry = "https://pypi.org/simple" }
dependencies = [
    { name = "markupsafe" },
]
sdist = { url = "https://files.pythonhosted.org/packages/df/bf/f7da0350254c0ed7c72f3e33cef02e048281fec7ecec5f032d4aac52226b/jinja2-3.1.6.tar.gz", hash = "sha256:0137fb05990d35f1275a587e9aee6d56da821fc83491a0fb838183be43f66d6d", size = 245115, upload-time = "2025-03-05T20:05:02.478Z" }
wheels = [
    { url = "https://files.pythonhosted.org/packages/62/a1/3d680cbfd5f4b8f15abc1d571870c5fc3e594bb582bc3b64ea099db13e56/jinja2-3.1.6-py3-none-any.whl", hash = "sha256:85ece4451f492d0c13c5dd7c13a64681a86afae63a5f347908daf103ce6d2f67", size = 134899, upload-time = "2025-03-05T20:05:00.369Z" },
]

[[package]]
name = "markupsafe"
version = "3.0.3"
source = { registry = "https://pypi.org/simple" }
sdist = { url = "https://files.pythonhosted.org/packages/7e/99/7690b6d4034fffd95959cbe0c02de8deb3098cc577c67bb6a24fe5d7caa7/markupsafe-3.0.3.tar.gz", hash = "sha256:722695808f4b6457b320fdc131280796bdceb04ab50fe1795cd540799ebe1698", size = 80313, upload-time = "2025-09-27T18:37:40.426Z" }
wheels = [
    { url = "https://files.pythonhosted.org/packages/38/2f/907b9c7bbba283e68f20259574b13d005c121a0fa4c175f9bed27c4597ff/markupsafe-3.0.3-cp313-cp313-macosx_10_13_x86_64.whl", hash = "sha256:e1cf1972137e83c5d4c136c43ced9ac51d0e124706ee1c8aa8532c1287fa8795", size = 11622, upload-time = "2025-09-27T18:36:41.777Z" },
    { url = "https://files.pythonhosted.org/packages/9c/d9/5f7756922cdd676869eca1c4e3c0cd0df60ed30199ffd775e319089cb3ed/markupsafe-3.0.3-cp313-cp313-macosx_11_0_arm64.whl", hash = "sha256:116bb52f642a37c115f517494ea5feb03889e04df47eeff5b130b1808ce7c219", size = 12029, upload-time = "2025-09-27T18:36:43.257Z" },
    { url = "https://files.pythonhosted.org/packages/00/07/575a68c754943058c78f30db02ee03a64b3c638586fba6a6dd56830b30a3/markupsafe-3.0.3-cp313-cp313-manylinux2014_aarch64.manylinux_2_17_aarch64.manylinux_2_28_aarch64.whl", hash = "sha256:133a43e73a802c5562be9bbcd03d090aa5a1fe899db609c29e8c8d815c5f6de6", size = 24374, upload-time = "2025-09-27T18:36:44.508Z" },
    { url = "https://files.pythonhosted.org/packages/a9/21/9b05698b46f218fc0e118e1f8168395c65c8a2c750ae2bab54fc4bd4e0e8/markupsafe-3.0.3-cp313-cp313-manylinux2014_x86_64.manylinux_2_17_x86_64.manylinux_2_28_x86_64.whl", hash = "sha256:ccfcd093f13f0f0b7fdd0f198b90053bf7b2f02a3927a30e63f3ccc9df56b676", size = 22980, upload-time = "2025-09-27T18:36:45.385Z" },
    { url = "https://files.pythonhosted.org/packages/7f/71/544260864f893f18b6827315b988c146b559391e6e7e8f7252839b1b846a/markupsafe-3.0.3-cp313-cp313-manylinux_2_31_riscv64.manylinux_2_39_riscv64.whl", hash = "sha256:509fa21c6deb7a7a273d629cf5ec029bc209d1a51178615ddf718f5918992ab9", size = 21990, upload-time = "2025-09-27T18:36:46.916Z" },
    { url = "https://files.pythonhosted.org/packages/c2/28/b50fc2f74d1ad761af2f5dcce7492648b983d00a65b8c0e0cb457c82ebbe/markupsafe-3.0.3-cp313-cp313-musllinux_1_2_aarch64.whl", hash = "sha256:a4afe79fb3de0b7097d81da19090f4df4f8d3a2b3adaa8764138aac2e44f3af1", size = 23784, upload-time = "2025-09-27T18:36:47.884Z" },
    { url = "https://files.pythonhosted.org/packages/ed/76/104b2aa106a208da8b17a2fb72e033a5a9d7073c68f7e508b94916ed47a9/markupsafe-3.0.3-cp313-cp313-musllinux_1_2_riscv64.whl", hash = "sha256:795e7751525cae078558e679d646ae45574b47ed6e7771863fcc079a6171a0fc", size = 21588, upload-time = "2025-09-27T18:36:48.82Z" },
    { url = "https://files.pythonhosted.org/packages/b5/99/16a5eb2d140087ebd97180d95249b00a03aa87e29cc224056274f2e45fd6/markupsafe-3.0.3-cp313-cp313-musllinux_1_2_x86_64.whl", hash = "sha256:8485f406a96febb5140bfeca44a73e3ce5116b2501ac54fe953e488fb1d03b12", size = 23041, upload-time = "2025-09-27T18:36:49.797Z" },
    { url = "https://files.pythonhosted.org/packages/19/bc/e7140ed90c5d61d77cea142eed9f9c303f4c4806f60a1044c13e3f1471d0/markupsafe-3.0.3-cp313-cp313-win32.whl", hash = "sha256:bdd37121970bfd8be76c5fb069c7751683bdf373db1ed6c010162b2a130248ed", size = 14543, upload-time = "2025-09-27T18:36:51.584Z" },
    { url = "https://files.pythonhosted.org/packages/05/73/c4abe620b841b6b791f2edc248f556900667a5a1cf023a6646967ae98335/markupsafe-3.0.3-cp313-cp313-win_amd64.whl", hash = "sha256:9a1abfdc021a164803f4d485104931fb8f8c1efd55bc6b748d2f5774e78b62c5", size = 15113, upload-time = "2025-09-27T18:36:52.537Z" },
    { url = "https://files.pythonhosted.org/packages/f0/3a/fa34a0f7cfef23cf9500d68cb7c32dd64ffd58a12b09225fb03dd37d5b80/markupsafe-3.0.3-cp313-cp313-win_arm64.whl", hash = "sha256:7e68f88e5b8799aa49c85cd116c932a1ac15caaa3f5db09087854d218359e485", size = 13911, upload-time = "2025-09-27T18:36:53.513Z" },
    { url = "https://files.pythonhosted.org/packages/e4/d7/e05cd7efe43a88a17a37b3ae96e79a19e846f3f456fe79c57ca61356ef01/markupsafe-3.0.3-cp313-cp313t-macosx_10_13_x86_64.whl", hash = "sha256:218551f6df4868a8d527e3062d0fb968682fe92054e89978594c28e642c43a73", size = 11658, upload-time = "2025-09-27T18:36:54.819Z" },
    { url = "https://files.pythonhosted.org/packages/99/9e/e412117548182ce2148bdeacdda3bb494260c0b0184360fe0d56389b523b/markupsafe-3.0.3-cp313-cp313t-macosx_11_0_arm64.whl", hash = "sha256:3524b778fe5cfb3452a09d31e7b5adefeea8c5be1d43c4f810ba09f2ceb29d37", size = 12066, upload-time = "2025-09-27T18:36:55.714Z" },
    { url = "https://files.pythonhosted.org/packages/bc/e6/fa0ffcda717ef64a5108eaa7b4f5ed28d56122c9a6d70ab8b72f9f715c80/markupsafe-3.0.3-cp313-cp313t-manylinux2014_aarch64.manylinux_2_17_aarch64.manylinux_2_28_aarch64.whl", hash = "sha256:4e885a3d1efa2eadc93c894a21770e4bc67899e3543680313b09f139e149ab19", size = 25639, upload-time = "2025-09-27T18:36:56.908Z" },
    { url = "https://files.pythonhosted.org/packages/96/ec/2102e881fe9d25fc16cb4b25d5f5cde50970967ffa5dddafdb771237062d/markupsafe-3.0.3-cp313-cp313t-manylinux2014_x86_64.manylinux_2_17_x86_64.manylinux_2_28_x86_64.whl", hash = "sha256:8709b08f4a89aa7586de0aadc8da56180242ee0ada3999749b183aa23df95025", size = 23569, upload-time = "2025-09-27T18:36:57.913Z" },
    { url = "https://files.pythonhosted.org/packages/4b/30/6f2fce1f1f205fc9323255b216ca8a235b15860c34b6798f810f05828e32/markupsafe-3.0.3-cp313-cp313t-manylinux_2_31_riscv64.manylinux_2_39_riscv64.whl", hash = "sha256:b8512a91625c9b3da6f127803b166b629725e68af71f8184ae7e7d54686a56d6", size = 23284, upload-time = "2025-09-27T18:36:58.833Z" },
    { url = "https://files.pythonhosted.org/packages/58/47/4a0ccea4ab9f5dcb6f79c0236d954acb382202721e704223a8aafa38b5c8/markupsafe-3.0.3-cp313-cp313t-musllinux_1_2_aarch64.whl", hash = "sha256:9b79b7a16f7fedff2495d684f2b59b0457c3b493778c9eed31111be64d58279f", size = 24801, upload-time = "2025-09-27T18:36:59.739Z" },
    { url = "https://files.pythonhosted.org/packages/6a/70/3780e9b72180b6fecb83a4814d84c3bf4b4ae4bf0b19c27196104149734c/markupsafe-3.0.3-cp313-cp313t-musllinux_1_2_riscv64.whl", hash = "sha256:12c63dfb4a98206f045aa9563db46507995f7ef6d83b2f68eda65c307c6829eb", size = 22769, upload-time = "2025-09-27T18:37:00.719Z" },
    { url = "https://files.pythonhosted.org/packages/98/c5/c03c7f4125180fc215220c035beac6b9cb684bc7a067c84fc69414d315f5/markupsafe-3.0.3-cp313-cp313t-musllinux_1_2_x86_64.whl", hash = "sha256:8f71bc33915be5186016f675cd83a1e08523649b0e33efdb898db577ef5bb009", size = 23642, upload-time = "2025-09-27T18:37:01.673Z" },
    { url = "https://files.pythonhosted.org/packages/80/d6/2d1b89f6ca4bff1036499b1e29a1d02d282259f3681540e16563f27ebc23/markupsafe-3.0.3-cp313-cp313t-win32.whl", hash = "sha256:69c0b73548bc525c8cb9a251cddf1931d1db4d2258e9599c28c07ef3580ef354", size = 14612, upload-time = "2025-09-27T18:37:02.639Z" },
    { url = "https://files.pythonhosted.org/packages/2b/98/e48a4bfba0a0ffcf9925fe2d69240bfaa19c6f7507b8cd09c70684a53c1e/markupsafe-3.0.3-cp313-cp313t-win_amd64.whl", hash = "sha256:1b4b79e8ebf6b55351f0d91fe80f893b4743f104bff22e90697db1590e47a218", size = 15200, upload-time = "2025-09-27T18:37:03.582Z" },
    { url = "https://files.pythonhosted.org/packages/0e/72/e3cc540f351f316e9ed0f092757459afbc595824ca724cbc5a5d4263713f/markupsafe-3.0.3-cp313-cp313t-win_arm64.whl", hash = "sha256:ad2cf8aa28b8c020ab2fc8287b0f823d0a7d8630784c31e9ee5edea20f406287", size = 13973, upload-time = "2025-09-27T18:37:04.929Z" },
    { url = "https://files.pythonhosted.org/packages/33/8a/8e42d4838cd89b7dde187011e97fe6c3af66d8c044997d2183fbd6d31352/markupsafe-3.0.3-cp314-cp314-macosx_10_13_x86_64.whl", hash = "sha256:eaa9599de571d72e2daf60164784109f19978b327a3910d3e9de8c97b5b70cfe", size = 11619, upload-time = "2025-09-27T18:37:06.342Z" },
    { url = "https://files.pythonhosted.org/packages/b5/64/7660f8a4a8e53c924d0fa05dc3a55c9cee10bbd82b11c5afb27d44b096ce/markupsafe-3.0.3-cp314-cp314-macosx_11_0_arm64.whl", hash = "sha256:c47a551199eb8eb2121d4f0f15ae0f923d31350ab9280078d1e5f12b249e0026", size = 12029, upload-time = "2025-09-27T18:37:07.213Z" },
    { url = "https://files.pythonhosted.org/packages/da/ef/e648bfd021127bef5fa12e1720ffed0c6cbb8310c8d9bea7266337ff06de/markupsafe-3.0.3-cp314-cp314-manylinux2014_aarch64.manylinux_2_17_aarch64.manylinux_2_28_aarch64.whl", hash = "sha256:f34c41761022dd093b4b6896d4810782ffbabe30f2d443ff5f083e0cbbb8c737", size = 24408, upload-time = "2025-09-27T18:37:09.572Z" },
    { url = "https://files.pythonhosted.org/packages/41/3c/a36c2450754618e62008bf7435ccb0f88053e07592e6028a34776213d877/markupsafe-3.0.3-cp314-cp314-manylinux2014_x86_64.manylinux_2_17_x86_64.manylinux_2_28_x86_64.whl", hash = "sha256:457a69a9577064c05a97c41f4e65148652db078a3a509039e64d3467b9e7ef97", size = 23005, upload-time = "2025-09-27T18:37:10.58Z" },
    { url = "https://files.pythonhosted.org/packages/bc/20/b7fdf89a8456b099837cd1dc21974632a02a999ec9bf7ca3e490aacd98e7/markupsafe-3.0.3-cp314-cp314-manylinux_2_31_riscv64.manylinux_2_39_riscv64.whl", hash = "sha256:e8afc3f2ccfa24215f8cb28dcf43f0113ac3c37c2f0f0806d8c70e4228c5cf4d", size = 22048, upload-time = "2025-09-27T18:37:11.547Z" },
    { url = "https://files.pythonhosted.org/packages/9a/a7/591f592afdc734f47db08a75793a55d7fbcc6902a723ae4cfbab61010cc5/markupsafe-3.0.3-cp314-cp314-musllinux_1_2_aarch64.whl", hash = "sha256:ec15a59cf5af7be74194f7ab02d0f59a62bdcf1a537677ce67a2537c9b87fcda", size = 23821, upload-time = "2025-09-27T18:37:12.48Z" },
    { url = "https://files.pythonhosted.org/packages/7d/33/45b24e4f44195b26521bc6f1a82197118f74df348556594bd2262bda1038/markupsafe-3.0.3-cp314-cp314-musllinux_1_2_riscv64.whl", hash = "sha256:0eb9ff8191e8498cca014656ae6b8d61f39da5f95b488805da4bb029cccbfbaf", size = 21606, upload-time = "2025-09-27T18:37:13.485Z" },
    { url = "https://files.pythonhosted.org/packages/ff/0e/53dfaca23a69fbfbbf17a4b64072090e70717344c52eaaaa9c5ddff1e5f0/markupsafe-3.0.3-cp314-cp314-musllinux_1_2_x86_64.whl", hash = "sha256:2713baf880df847f2bece4230d4d094280f4e67b1e813eec43b4c0e144a34ffe", size = 23043, upload-time = "2025-09-27T18:37:14.408Z" },
    { url = "https://files.pythonhosted.org/packages/46/11/f333a06fc16236d5238bfe74daccbca41459dcd8d1fa952e8fbd5dccfb70/markupsafe-3.0.3-cp314-cp314-win32.whl", hash = "sha256:729586769a26dbceff69f7a7dbbf59ab6572b99d94576a5592625d5b411576b9", size = 14747, upload-time = "2025-09-27T18:37:15.36Z" },
    { url = "https://files.pythonhosted.org/packages/28/52/182836104b33b444e400b14f797212f720cbc9ed6ba34c800639d154e821/markupsafe-3.0.3-cp314-cp314-win_amd64.whl", hash = "sha256:bdc919ead48f234740ad807933cdf545180bfbe9342c2bb451556db2ed958581", size = 15341, upload-time = "2025-09-27T18:37:16.496Z" },
    { url = "https://files.pythonhosted.org/packages/6f/18/acf23e91bd94fd7b3031558b1f013adfa21a8e407a3fdb32745538730382/markupsafe-3.0.3-cp314-cp314-win_arm64.whl", hash = "sha256:5a7d5dc5140555cf21a6fefbdbf8723f06fcd2f63ef108f2854de715e4422cb4", size = 14073, upload-time = "2025-09-27T18:37:17.476Z" },
    { url = "https://files.pythonhosted.org/packages/3c/f0/57689aa4076e1b43b15fdfa646b04653969d50cf30c32a102762be2485da/markupsafe-3.0.3-cp314-cp314t-macosx_10_13_x86_64.whl", hash = "sha256:1353ef0c1b138e1907ae78e2f6c63ff67501122006b0f9abad68fda5f4ffc6ab", size = 11661, upload-time = "2025-09-27T18:37:18.453Z" },
    { url = "https://files.pythonhosted.org/packages/89/c3/2e67a7ca217c6912985ec766c6393b636fb0c2344443ff9d91404dc4c79f/markupsafe-3.0.3-cp314-cp314t-macosx_11_0_arm64.whl", hash = "sha256:1085e7fbddd3be5f89cc898938f42c0b3c711fdcb37d75221de2666af647c175", size = 12069, upload-time = "2025-09-27T18:37:19.332Z" },
    { url = "https://files.pythonhosted.org/packages/f0/00/be561dce4e6ca66b15276e184ce4b8aec61fe83662cce2f7d72bd3249d28/markupsafe-3.0.3-cp314-cp314t-manylinux2014_aarch64.manylinux_2_17_aarch64.manylinux_2_28_aarch64.whl", hash = "sha256:1b52b4fb9df4eb9ae465f8d0c228a00624de2334f216f178a995ccdcf82c4634", size = 25670, upload-time = "2025-09-27T18:37:20.245Z" },
    { url = "https://files.pythonhosted.org/packages/50/09/c419f6f5a92e5fadde27efd190eca90f05e1261b10dbd8cbcb39cd8ea1dc/markupsafe-3.0.3-cp314-cp314t-manylinux2014_x86_64.manylinux_2_17_x86_64.manylinux_2_28_x86_64.whl", hash = "sha256:fed51ac40f757d41b7c48425901843666a6677e3e8eb0abcff09e4ba6e664f50", size = 23598, upload-time = "2025-09-27T18:37:21.177Z" },
    { url = "https://files.pythonhosted.org/packages/22/44/a0681611106e0b2921b3033fc19bc53323e0b50bc70cffdd19f7d679bb66/markupsafe-3.0.3-cp314-cp314t-manylinux_2_31_riscv64.manylinux_2_39_riscv64.whl", hash = "sha256:f190daf01f13c72eac4efd5c430a8de82489d9cff23c364c3ea822545032993e", size = 23261, upload-time = "2025-09-27T18:37:22.167Z" },
    { url = "https://files.pythonhosted.org/packages/5f/57/1b0b3f100259dc9fffe780cfb60d4be71375510e435efec3d116b6436d43/markupsafe-3.0.3-cp314-cp314t-musllinux_1_2_aarch64.whl", hash = "sha256:e56b7d45a839a697b5eb268c82a71bd8c7f6c94d6fd50c3d577fa39a9f1409f5", size = 24835, upload-time = "2025-09-27T18:37:23.296Z" },
    { url = "https://files.pythonhosted.org/packages/26/6a/4bf6d0c97c4920f1597cc14dd720705eca0bf7c787aebc6bb4d1bead5388/markupsafe-3.0.3-cp314-cp314t-musllinux_1_2_riscv64.whl", hash = "sha256:f3e98bb3798ead92273dc0e5fd0f31ade220f59a266ffd8a4f6065e0a3ce0523", size = 22733, upload-time = "2025-09-27T18:37:24.237Z" },
    { url = "https://files.pythonhosted.org/packages/14/c7/ca723101509b518797fedc2fdf79ba57f886b4aca8a7d31857ba3ee8281f/markupsafe-3.0.3-cp314-cp314t-musllinux_1_2_x86_64.whl", hash = "sha256:5678211cb9333a6468fb8d8be0305520aa073f50d17f089b5b4b477ea6e67fdc", size = 23672, upload-time = "2025-09-27T18:37:25.271Z" },
    { url = "https://files.pythonhosted.org/packages/fb/df/5bd7a48c256faecd1d36edc13133e51397e41b73bb77e1a69deab746ebac/markupsafe-3.0.3-cp314-cp314t-win32.whl", hash = "sha256:915c04ba3851909ce68ccc2b8e2cd691618c4dc4c4232fb7982bca3f41fd8c3d", size = 14819, upload-time = "2025-09-27T18:37:26.285Z" },
    { url = "https://files.pythonhosted.org/packages/1a/8a/0402ba61a2f16038b48b39bccca271134be00c5c9f0f623208399333c448/markupsafe-3.0.3-cp314-cp314t-win_amd64.whl", hash = "sha256:4faffd047e07c38848ce017e8725090413cd80cbc23d86e55c587bf979e579c9", size = 15426, upload-time = "2025-09-27T18:37:27.316Z" },
    { url = "https://files.pythonhosted.org/packages/70/bc/6f1c2f612465f5fa89b95bead1f44dcb607670fd42891d8fdcd5d039f4f4/markupsafe-3.0.3-cp314-cp314t-win_arm64.whl", hash = "sha256:32001d6a8fc98c8cb5c947787c5d08b0a50663d139f1305bac5885d98d9b40fa", size = 14146, upload-time = "2025-09-27T18:37:28.327Z" },
]

[[package]]
name = "pycapnp"
version = "2.2.4"
source = { registry = "https://pypi.org/simple" }
dependencies = [
    { name = "jinja2" },
]
sdist = { url = "https://files.pythonhosted.org/packages/a1/b6/de6176fd9d0a16b2ca03f1f6dfea391ef64222a394dc135c2f7bac2347fa/pycapnp-2.2.4.tar.gz", hash = "sha256:a598bd3952de76a803a53b845c8c300828338b949946d49f8af716328cda0a1a", size = 738820, upload-time = "2026-07-03T22:47:39.836Z" }
wheels = [
    { url = "https://files.pythonhosted.org/packages/25/f2/3ed6394e3df3cf1b85168fd57d75a7bcfc2f9d494689fa32b0d7ea9b6691/pycapnp-2.2.4-cp313-cp313-macosx_10_13_x86_64.whl", hash = "sha256:f001ec86321ee9e6a8f86ff03fbd76e0de2d1d0518e83f3901cb5b7111d9460c", size = 2239899, upload-time = "2026-07-03T22:45:59.726Z" },
    { url = "https://files.pythonhosted.org/packages/a7/2c/4349dbce7e7068b1ccb297ef9a645cff08f213a3e30a6d397a8f6326e12e/pycapnp-2.2.4-cp313-cp313-macosx_11_0_arm64.whl", hash = "sha256:b513e7ba63b8d2a4832d3dc1d683bfbb28df1e34d79eabbbbaf08ba058fb9afb", size = 2119621, upload-time = "2026-07-03T22:46:01.091Z" },
    { url = "https://files.pythonhosted.org/packages/95/5c/601967f085c26f3cc5293841c2b2755ef51782a8cbc6ec72cb5a2cf92d71/pycapnp-2.2.4-cp313-cp313-manylinux_2_28_aarch64.whl", hash = "sha256:27db8ec75f252337612db30af95a0e12a0a20afdb9ae4f51c7086dea1e626f77", size = 5842938, upload-time = "2026-07-03T22:46:02.605Z" },
    { url = "https://files.pythonhosted.org/packages/9d/ee/8369fe8116ff09d61fa8065502f043d55937ee3512a04e393eb641e2931f/pycapnp-2.2.4-cp313-cp313-manylinux_2_28_i686.whl", hash = "sha256:b6f2f09684b96dbd909423b83b3623c61bad40f88ab834470c7347e444f143bc", size = 5878205, upload-time = "2026-07-03T22:46:04.693Z" },
    { url = "https://files.pythonhosted.org/packages/f2/21/92c8e94fe29587eb54bf8bd47ab21bfd5e92a633205a8fed1608fab380f3/pycapnp-2.2.4-cp313-cp313-manylinux_2_28_ppc64le.whl", hash = "sha256:c270456d650c7bd19654b6edd171bbda0e4de76d3c243be1661e6ef643c3278a", size = 6198045, upload-time = "2026-07-03T22:46:06.77Z" },
    { url = "https://files.pythonhosted.org/packages/2b/e8/d1ebb880fd7860b09c7fc4962f5f941dc14e8cc8b8d124684e9c46bc3808/pycapnp-2.2.4-cp313-cp313-manylinux_2_28_s390x.whl", hash = "sha256:ddb3a39941af3bb23ca598f1f9e43246e7e212937c53ba3cc4b5dcfb7419fe56", size = 6252408, upload-time = "2026-07-03T22:46:08.68Z" },
    { url = "https://files.pythonhosted.org/packages/6f/20/0745b69c093e8d315bc72443c13e46b47838f8a0d8bf05f7453273b74e5d/pycapnp-2.2.4-cp313-cp313-manylinux_2_28_x86_64.whl", hash = "sha256:3d5444575a2f9c2f1cf50c99ef08d9a76dde47a3a13fdf02909fe6c6e1b69901", size = 6031858, upload-time = "2026-07-03T22:46:10.56Z" },
    { url = "https://files.pythonhosted.org/packages/48/45/a950f5687699f1a98a6d9826f3fec16eb8fdf9c8254f67afb9c98b0ff10b/pycapnp-2.2.4-cp313-cp313-musllinux_1_2_aarch64.whl", hash = "sha256:181326bf648a65398eeb9144aa8c55dbc0b8c58c7991d3f91fa60275591648e1", size = 6711798, upload-time = "2026-07-03T22:46:12.193Z" },
    { url = "https://files.pythonhosted.org/packages/ac/19/71ac1b2bb54ef67e21b0d8254030a950fd2c998aacb4ae5d9583127ede84/pycapnp-2.2.4-cp313-cp313-musllinux_1_2_i686.whl", hash = "sha256:11eb14153884d19771aa7e92e8601d084e6655cacfcae1441c165953d2b8ce3b", size = 7011127, upload-time = "2026-07-03T22:46:13.928Z" },
    { url = "https://files.pythonhosted.org/packages/ee/06/bb996d95aa984a6b3896c8f953d2e334954d6ce441fe07360945567f0671/pycapnp-2.2.4-cp313-cp313-musllinux_1_2_ppc64le.whl", hash = "sha256:517d812d53d07e800c8ce9fb156b027f208a0b0a62e725bf85a2f3d051057dfb", size = 7138597, upload-time = "2026-07-03T22:46:15.875Z" },
    { url = "https://files.pythonhosted.org/packages/41/ca/f32c26f828a1e406e2a181a815431ef00127835dd6e78765550bbee36b7b/pycapnp-2.2.4-cp313-cp313-musllinux_1_2_s390x.whl", hash = "sha256:2a32cc049ccf59f4c7390197e66609f87a4b979fe922fca8328a6dabb8c644d9", size = 7199732, upload-time = "2026-07-03T22:46:17.505Z" },
    { url = "https://files.pythonhosted.org/packages/73/41/d0a57aa6f24a8ff2ea584f4fc838058423f026ccf13e8d6eddd1565f1fc8/pycapnp-2.2.4-cp313-cp313-musllinux_1_2_x86_64.whl", hash = "sha256:6724b5665f6a1adb8f7bc574f3b223a1f21c07294040fbd4e08885b754f24c45", size = 6977950, upload-time = "2026-07-03T22:46:19.513Z" },
    { url = "https://files.pythonhosted.org/packages/83/68/6271db9461172d6b03612759ab2cf967318c72aad8f9db7cf26ff5486dc2/pycapnp-2.2.4-cp313-cp313-win32.whl", hash = "sha256:5a90625741062a28d859b1694903b4c84f3e70023661839a3c73635ff67a5e47", size = 1700821, upload-time = "2026-07-03T22:46:21.21Z" },
    { url = "https://files.pythonhosted.org/packages/76/ac/26ea5ae9f52d7836d489628f92b02879fb39a82284d4e806a360d80fa234/pycapnp-2.2.4-cp313-cp313-win_amd64.whl", hash = "sha256:99fbd0d096cafd63c63edf0be6f82214c1b390f9f61d686146518c971e59eefc", size = 1832655, upload-time = "2026-07-03T22:46:22.686Z" },
    { url = "https://files.pythonhosted.org/packages/59/b9/69eb374be7698e3d85a605af5dd3ba86cbe2a3682ba7fc4876d4bf5beef8/pycapnp-2.2.4-cp314-cp314-macosx_10_15_x86_64.whl", hash = "sha256:eae0d12142e529bdca858ae29cdc3969314a17e64e7256fb88e82c684846ac1a", size = 2256259, upload-time = "2026-07-03T22:46:24.079Z" },
    { url = "https://files.pythonhosted.org/packages/29/da/415b4b051194ccabf7a23484aff6ff79a6a9841d779455e03bcaa1d86de5/pycapnp-2.2.4-cp314-cp314-macosx_11_0_arm64.whl", hash = "sha256:986ec18eeeff3ede2a0d82a4b77ba18c318a26514f49d705491d4342b0d04d3d", size = 2140446, upload-time = "2026-07-03T22:46:25.805Z" },
    { url = "https://files.pythonhosted.org/packages/5e/f2/e1a7f1e234d429318f5fa82c4367d6890db21a55bd646f5e072c55de12a8/pycapnp-2.2.4-cp314-cp314-manylinux_2_28_aarch64.whl", hash = "sha256:35d9ac936938783cc4723c1e0a7fa2bdbe5d76803f2f2ba167d1bb070108830c", size = 5845739, upload-time = "2026-07-03T22:46:28.303Z" },
    { url = "https://files.pythonhosted.org/packages/0d/f1/8e882360e2b105ccac5bb6fd0e8b8cb1a6e3e1e469d8e24134ffb1309fcc/pycapnp-2.2.4-cp314-cp314-manylinux_2_28_i686.whl", hash = "sha256:38af0a432c5deaf9ad5efb9ec1d2c496eba78cc96a70f896c2baf76de2a1d7b8", size = 5887467, upload-time = "2026-07-03T22:46:29.936Z" },
    { url = "https://files.pythonhosted.org/packages/60/63/d209c74f9467575761de3bdbc986efebf08b56a43f09ab5668873e69a3a2/pycapnp-2.2.4-cp314-cp314-manylinux_2_28_ppc64le.whl", hash = "sha256:40066e7ea9c3d388e2c75d65b10fdde50d69a49eed18ece9044f9cf8fdacf54c", size = 6234393, upload-time = "2026-07-03T22:46:31.765Z" },
    { url = "https://files.pythonhosted.org/packages/52/b0/5979b5db4da40426888d9436a53f18b17695487af32de44e1e4709e88ffb/pycapnp-2.2.4-cp314-cp314-manylinux_2_28_s390x.whl", hash = "sha256:411ada8107419076409ffa9d176891f08611550b17e2b6c684eef3ff31e092fc", size = 6239974, upload-time = "2026-07-03T22:46:33.655Z" },
    { url = "https://files.pythonhosted.org/packages/29/02/85440be2c931dba83231f01ca13c28a6d1b94ac5a1de3c56c47e4e4cef3f/pycapnp-2.2.4-cp314-cp314-manylinux_2_28_x86_64.whl", hash = "sha256:45bd2a2eba74f94c96a532af1f8b944fafc5ab74483ed66c2d88bf6606e5a126", size = 6007191, upload-time = "2026-07-03T22:46:35.44Z" },
    { url = "https://files.pythonhosted.org/packages/bf/6f/04e7e4ba7a9b4e1edc5ee3f76f9a409c68d11d4cc18e7799ca95c46e1b12/pycapnp-2.2.4-cp314-cp314-musllinux_1_2_aarch64.whl", hash = "sha256:d4221a2abd7bd73e3b6c9fe9484bcdb658d79d2b6174b6ce45cd0cfc6980adfe", size = 6723844, upload-time = "2026-07-03T22:46:37.19Z" },
    { url = "https://files.pythonhosted.org/packages/59/8f/d56c8f193d4c766ae4935075f2087515949edf90c24062eff3477aa311d2/pycapnp-2.2.4-cp314-cp314-musllinux_1_2_i686.whl", hash = "sha256:aa40eb5f44b9f62ad99e7df200a3a024ac3272cdc7d2c3ac3bb74c64f89178ba", size = 7022961, upload-time = "2026-07-03T22:46:39.673Z" },
    { url = "https://files.pythonhosted.org/packages/b7/a6/b51a867a7a5b10aef80d1726357a01dc42b0f7deb102308eff601adf138c/pycapnp-2.2.4-cp314-cp314-musllinux_1_2_ppc64le.whl", hash = "sha256:88971e8a4f0c433872ad156ec2af2ea104727708aed9007a3e4100ae47ca2538", size = 7167135, upload-time = "2026-07-03T22:46:42.112Z" },
    { url = "https://files.pythonhosted.org/packages/ad/49/040e28edc4672461495916608242f8d56c4b2bb4303c85bf7d65103e4969/pycapnp-2.2.4-cp314-cp314-musllinux_1_2_s390x.whl", hash = "sha256:64373985fa3a4660e14ec81671e927b422cc4b21ff6f1790287fa1b7620e86a9", size = 7200483, upload-time = "2026-07-03T22:46:43.891Z" },
    { url = "https://files.pythonhosted.org/packages/6c/dd/d217545921b7a803ef4f50bc974912df0d671ece217b9a9cb08ce118345b/pycapnp-2.2.4-cp314-cp314-musllinux_1_2_x86_64.whl", hash = "sha256:6e9212cd6ec0976071c252608b8f96966f7ac33f9a29af72c594ace662514c9f", size = 6956572, upload-time = "2026-07-03T22:46:45.668Z" },
    { url = "https://files.pythonhosted.org/packages/84/27/53db34226b8aaa82b780da3703d552c9f36e151adc9a725f5088e1a764ca/pycapnp-2.2.4-cp314-cp314-win32.whl", hash = "sha256:7608f8b737fe23b6bf72d06917c10f40b85a835581f98f62cefa5332791a3336", size = 1720764, upload-time = "2026-07-03T22:47:13.028Z" },
    { url = "https://files.pythonhosted.org/packages/be/ac/f4a6eb37458e2b289bea9b3735ba62e9d8498d54e587da66c37c000f14fc/pycapnp-2.2.4-cp314-cp314-win_amd64.whl", hash = "sha256:a3eb38d9b5e81b8ac0b21ee3626c5146cbf675580842cd07039f74d53f4156a4", size = 1865704, upload-time = "2026-07-03T22:47:14.556Z" },
    { url = "https://files.pythonhosted.org/packages/e6/c5/c5a719a27dc2a08a1cdf8fe0e2d6ff08b668dc4ecf533215a453f3f7f505/pycapnp-2.2.4-cp314-cp314t-macosx_10_15_x86_64.whl", hash = "sha256:1c0fa292ef30ef429bbf12cae3cacae9750f5dca23a1e81f802bf511add50d49", size = 2274312, upload-time = "2026-07-03T22:46:47.607Z" },
    { url = "https://files.pythonhosted.org/packages/d1/c6/ce98c5a4842f3ffe6cdd560145001a060721315c07f4201d2bd739e90647/pycapnp-2.2.4-cp314-cp314t-macosx_11_0_arm64.whl", hash = "sha256:13297222f4a71ef776a5897c9c84881fd1f16d8cb864e9673e05562cae67166d", size = 2166601, upload-time = "2026-07-03T22:46:49.694Z" },
    { url = "https://files.pythonhosted.org/packages/fa/9a/e961cb2c2bf47ec2baff471ae75cc505345668bf08d0afcba271a3753035/pycapnp-2.2.4-cp314-cp314t-manylinux_2_28_aarch64.whl", hash = "sha256:03ff197e3e6e737dbf3748d4d735e4ae778cf4fd16f80ef0bf4f63007903e13a", size = 6113923, upload-time = "2026-07-03T22:46:51.191Z" },
    { url = "https://files.pythonhosted.org/packages/bb/86/e7f2558deb2e08c01e0151332b1ee96d8b237f837319721c1cf159815626/pycapnp-2.2.4-cp314-cp314t-manylinux_2_28_i686.whl", hash = "sha256:ddf8d60b9e698690bca03ffd0c839853151640d7eb3f6728da458e40c2a0c894", size = 6012814, upload-time = "2026-07-03T22:46:52.884Z" },
    { url = "https://files.pythonhosted.org/packages/f0/ed/7cd95057740b0338cf11b6531e60bddfc86c132d6a11ea761a6a67def170/pycapnp-2.2.4-cp314-cp314t-manylinux_2_28_ppc64le.whl", hash = "sha256:8164b020646fb9a366d4976232326fae42c01834bfecf2c5251db23aa9c21695", size = 6305476, upload-time = "2026-07-03T22:46:54.694Z" },
    { url = "https://files.pythonhosted.org/packages/56/fd/3323f03167e4ccd3b13f3d2ff0bf8ff4d071735a44c0f30d30b00c9a9d4b/pycapnp-2.2.4-cp314-cp314t-manylinux_2_28_s390x.whl", hash = "sha256:bd84c96509cadfea3c127c9928bf008dc21124f53aed8aaae7f16e08f28d79d5", size = 6363520, upload-time = "2026-07-03T22:46:56.768Z" },
    { url = "https://files.pythonhosted.org/packages/64/a7/e954b0364523ae491a880f3354beaf111dd7aa986b0f498b4a7c4d164e9d/pycapnp-2.2.4-cp314-cp314t-manylinux_2_28_x86_64.whl", hash = "sha256:b5e635e356c68b91381561753c46cf23c59388d13f784e5588685def16ab99ba", size = 6166453, upload-time = "2026-07-03T22:46:58.653Z" },
    { url = "https://files.pythonhosted.org/packages/16/47/4fa69aac71441a95cd3c429fa7f75c33b23a85c21044a37f7d3e549c5443/pycapnp-2.2.4-cp314-cp314t-musllinux_1_2_aarch64.whl", hash = "sha256:96f1566ef6ff0f756c413ad4d9b6e2d49c4d1c1d60c310e14fb0143ba9d23a6f", size = 6898012, upload-time = "2026-07-03T22:47:00.788Z" },
    { url = "https://files.pythonhosted.org/packages/ec/62/ea67c05d88325c251ad8a4e2a48783ab7bb86c4549e24ca46fb389744eb9/pycapnp-2.2.4-cp314-cp314t-musllinux_1_2_i686.whl", hash = "sha256:4b86c6f92a63ec07e7a365d8ebfacec180c7f862a77ed25409f13f852e681578", size = 7094755, upload-time = "2026-07-03T22:47:02.63Z" },
    { url = "https://files.pythonhosted.org/packages/53/ae/1b6742fb0c506b9be05dc99eae1f993de3e84627a3fb7b339cf711693900/pycapnp-2.2.4-cp314-cp314t-musllinux_1_2_ppc64le.whl", hash = "sha256:a4e4e091cf578f0c4b60059c8c181f30e34e35b6b74cb67af4ec49c906f52746", size = 7213347, upload-time = "2026-07-03T22:47:04.445Z" },
    { url = "https://files.pythonhosted.org/packages/38/e2/5760ee23a5e6d56a69f384cb7236e4646652b422bd3df3d94226b118fc86/pycapnp-2.2.4-cp314-cp314t-musllinux_1_2_s390x.whl", hash = "sha256:3b52d5fbdf82a56e9fabe84ec3c9574b5efacf9206c1d6f32397f39ad14d8038", size = 7263293, upload-time = "2026-07-03T22:47:06.226Z" },
    { url = "https://files.pythonhosted.org/packages/07/28/3eda852ad9586f2fc3f1150a8782416d357d65972ee0094362227280a34d/pycapnp-2.2.4-cp314-cp314t-musllinux_1_2_x86_64.whl", hash = "sha256:f66d61e9c5a97a1d2902b81d5d002fd9e052387e5355e1d988e28e00c3de8223", size = 7088344, upload-time = "2026-07-03T22:47:08.035Z" },
    { url = "https://files.pythonhosted.org/packages/f2/dd/75098b348065f6de8a62afcab73587c7a082b0e83e7015b3c3318a8fa5ab/pycapnp-2.2.4-cp314-cp314t-win32.whl", hash = "sha256:87ec866daf3368e424c911b571faae720e02ac7ac7ac4c9d32d4937a48d5b22e", size = 1783626, upload-time = "2026-07-03T22:47:09.9Z" },
    { url = "https://files.pythonhosted.org/packages/21/3c/f766e102bd6c7c2e4b23117fc86139e304d010ddd1aae2345beef9051ea1/pycapnp-2.2.4-cp314-cp314t-win_amd64.whl", hash = "sha256:fbf5e9b3fb43300569a04d015355a3462becb421275a6bd9bf19cb304198e4ad", size = 1955860, upload-time = "2026-07-03T22:47:11.321Z" },
]

[[package]]
name = "zero-copy"
version = "0.1.0"
source = { virtual = "." }
dependencies = [
    { name = "pycapnp" },
]

[package.metadata]
requires-dist = [{ name = "pycapnp", specifier = ">=2.2.4" }]
